
Microsoft Visual Studio Solution File, Format Version 12.00
# Visual Studio Version 17
VisualStudioVersion = 17.0.31903.59
MinimumVisualStudioVersion = 10.0.40219.1
Project("{2150E333-8FDC-42A3-9474-1A3956D46DE8}") = "src", "src", "{827E0CD3-B72D-47B6-A68D-7590B98EB39B}"
EndProject
Project("{FAE04EC0-301F-11D3-BF4B-00C04F79EFBC}") = "CacheHub.Core", "src\CacheHub.Core\CacheHub.Core.csproj", "{C57F3AA5-5499-455D-98F9-6F5841CA2246}"
EndProject
Project("{FAE04EC0-301F-11D3-BF4B-00C04F79EFBC}") = "CacheHub.Storage", "src\CacheHub.Storage\CacheHub.Storage.csproj", "{73B05458-63B3-4CC1-AA7C-945491B6E131}"
EndProject
Project("{FAE04EC0-301F-11D3-BF4B-00C04F79EFBC}") = "CacheHub.Indexing", "src\CacheHub.Indexing\CacheHub.Indexing.csproj", "{DFE1EC6D-87A3-4303-A664-556F303FA2BD}"
EndProject
Project("{FAE04EC0-301F-11D3-BF4B-00C04F79EFBC}") = "CacheHub.Context", "src\CacheHub.Context\CacheHub.Context.csproj", "{7E52A2CB-AB93-4DE9-ABC8-0F08EBD72590}"
EndProject
Project("{FAE04EC0-301F-11D3-BF4B-00C04F79EFBC}") = "CacheHub.Cli", "src\CacheHub.Cli\CacheHub.Cli.csproj", "{95F583C6-1DC4-45B8-805A-266F5B26F316}"
EndProject
Project("{FAE04EC0-301F-11D3-BF4B-00C04F79EFBC}") = "CacheHub.Tests", "tests\CacheHub.Tests\CacheHub.Tests.csproj", "{3F819035-C645-4BE2-AA9F-22C1BD58E199}"
EndProject
Project("{FAE04EC0-301F-11D3-BF4B-00C04F79EFBC}") = "CacheHub.Desktop", "src\CacheHub.Desktop\CacheHub.Desktop.csproj", "{5A2E807D-4B29-45FD-B463-2335EDDAB94D}"
EndProject
Global
	GlobalSection(SolutionConfigurationPlatforms) = preSolution
		Debug|Any CPU = Debug|Any CPU
		Debug|x64 = Debug|x64
		Debug|x86 = Debug|x86
		Release|Any CPU = Release|Any CPU
		Release|x64 = Release|x64
		Release|x86 = Release|x86
	EndGlobalSection
	GlobalSection(ProjectConfigurationPlatforms) = postSolution
		{C57F3AA5-5499-455D-98F9-6F5841CA2246}.Debug|Any CPU.ActiveCfg = Debug|Any CPU
		{C57F3AA5-5499-455D-98F9-6F5841CA2246}.Debug|Any CPU.Build.0 = Debug|Any CPU
		{C57F3AA5-5499-455D-98F9-6F5841CA2246}.Debug|x64.ActiveCfg = Debug|Any CPU
		{C57F3AA5-5499-455D-98F9-6F5841CA2246}.Debug|x64.Build.0 = Debug|Any CPU
		{C57F3AA5-5499-455D-98F9-6F5841CA2246}.Debug|x86.ActiveCfg = Debug|Any CPU
		{C57F3AA5-5499-455D-98F9-6F5841CA2246}.Debug|x86.Build.0 = Debug|Any CPU
		{C57F3AA5-5499-455D-98F9-6F5841CA2246}.Release|Any CPU.ActiveCfg = Release|Any CPU
		{C57F3AA5-5499-455D-98F9-6F5841CA2246}.Release|Any CPU.Build.0 = Release|Any CPU
		{C57F3AA5-5499-455D-98F9-6F5841CA2246}.Release|x64.ActiveCfg = Release|Any CPU
		{C57F3AA5-5499-455D-98F9-6F5841CA2246}.Release|x64.Build.0 = Release|Any CPU
		{C57F3AA5-5499-455D-98F9-6F5841CA2246}.Release|x86.ActiveCfg = Release|Any CPU
		{C57F3AA5-5499-455D-98F9-6F5841CA2246}.Release|x86.Build.0 = Release|Any CPU
		{73B05458-63B3-4CC1-AA7C-945491B6E131}.Debug|Any CPU.ActiveCfg = Debug|Any CPU
		{73B05458-63B3-4CC1-AA7C-945491B6E131}.Debug|Any CPU.Build.0 = Debug|Any CPU
		{73B05458-63B3-4CC1-AA7C-945491B6E131}.Debug|x64.ActiveCfg = Debug|Any CPU
		{73B05458-63B3-4CC1-AA7C-945491B6E131}.Debug|x64.Build.0 = Debug|Any CPU
		{73B05458-63B3-4CC1-AA7C-945491B6E131}.Debug|x86.ActiveCfg = Debug|Any CPU
		{73B05458-63B3-4CC1-AA7C-945491B6E131}.Debug|x86.Build.0 = Debug|Any CPU
		{73B05458-63B3-4CC1-AA7C-945491B6E131}.Release|Any CPU.ActiveCfg = Release|Any CPU
		{73B05458-63B3-4CC1-AA7C-945491B6E131}.Release|Any CPU.Build.0 = Release|Any CPU
		{73B05458-63B3-4CC1-AA7C-945491B6E131}.Release|x64.ActiveCfg = Release|Any CPU
		{73B05458-63B3-4CC1-AA7C-945491B6E131}.Release|x64.Build.0 = Release|Any CPU
		{73B05458-63B3-4CC1-AA7C-945491B6E131}.Release|x86.ActiveCfg = Release|Any CPU
		{73B05458-63B3-4CC1-AA7C-945491B6E131}.Release|x86.Build.0 = Release|Any CPU
		{DFE1EC6D-87A3-4303-A664-556F303FA2BD}.Debug|Any CPU.ActiveCfg = Debug|Any CPU
		{DFE1EC6D-87A3-4303-A664-556F303FA2BD}.Debug|Any CPU.Build.0 = Debug|Any CPU
		{DFE1EC6D-87A3-4303-A664-556F303FA2BD}.Debug|x64.ActiveCfg = Debug|Any CPU
		{DFE1EC6D-87A3-4303-A664-556F303FA2BD}.Debug|x64.Build.0 = Debug|Any CPU
		{DFE1EC6D-87A3-4303-A664-556F303FA2BD}.Debug|x86.ActiveCfg = Debug|Any CPU
		{DFE1EC6D-87A3-4303-A664-556F303FA2BD}.Debug|x86.Build.0 = Debug|Any CPU
		{DFE1EC6D-87A3-4303-A664-556F303FA2BD}.Release|Any CPU.ActiveCfg = Release|Any CPU
		{DFE1EC6D-87A3-4303-A664-556F303FA2BD}.Release|Any CPU.Build.0 = Release|Any CPU
		{DFE1EC6D-87A3-4303-A664-556F303FA2BD}.Release|x64.ActiveCfg = Release|Any CPU
		{DFE1EC6D-87A3-4303-A664-556F303FA2BD}.Release|x64.Build.0 = Release|Any CPU
		{DFE1EC6D-87A3-4303-A664-556F303FA2BD}.Release|x86.ActiveCfg = Release|Any CPU
		{DFE1EC6D-87A3-4303-A664-556F303FA2BD}.Release|x86.Build.0 = Release|Any CPU
		{7E52A2CB-AB93-4DE9-ABC8-0F08EBD72590}.Debug|Any CPU.ActiveCfg = Debug|Any CPU
		{7E52A2CB-AB93-4DE9-ABC8-0F08EBD72590}.Debug|Any CPU.Build.0 = Debug|Any CPU
		{7E52A2CB-AB93-4DE9-ABC8-0F08EBD72590}.Debug|x64.ActiveCfg = Debug|Any CPU
		{7E52A2CB-AB93-4DE9-ABC8-0F08EBD72590}.Debug|x64.Build.0 = Debug|Any CPU
		{7E52A2CB-AB93-4DE9-ABC8-0F08EBD72590}.Debug|x86.ActiveCfg = Debug|Any CPU
		{7E52A2CB-AB93-4DE9-ABC8-0F08EBD72590}.Debug|x86.Build.0 = Debug|Any CPU
		{7E52A2CB-AB93-4DE9-ABC8-0F08EBD72590}.Release|Any CPU.ActiveCfg = Release|Any CPU
		{7E52A2CB-AB93-4DE9-ABC8-0F08EBD72590}.Release|Any CPU.Build.0 = Release|Any CPU
		{7E52A2CB-AB93-4DE9-ABC8-0F08EBD72590}.Release|x64.ActiveCfg = Release|Any CPU
		{7E52A2CB-AB93-4DE9-ABC8-0F08EBD72590}.Release|x64.Build.0 = Release|Any CPU
		{7E52A2CB-AB93-4DE9-ABC8-0F08EBD72590}.Release|x86.ActiveCfg = Release|Any CPU
		{7E52A2CB-AB93-4DE9-ABC8-0F08EBD72590}.Release|x86.Build.0 = Release|Any CPU
		{95F583C6-1DC4-45B8-805A-266F5B26F316}.Debug|Any CPU.ActiveCfg = Debug|Any CPU
		{95F583C6-1DC4-45B8-805A-266F5B26F316}.Debug|Any CPU.Build.0 = Debug|Any CPU
		{95F583C6-1DC4-45B8-805A-266F5B26F316}.Debug|x64.ActiveCfg = Debug|Any CPU
		{95F583C6-1DC4-45B8-805A-266F5B26F316}.Debug|x64.Build.0 = Debug|Any CPU
		{95F583C6-1DC4-45B8-805A-266F5B26F316}.Debug|x86.ActiveCfg = Debug|Any CPU
		{95F583C6-1DC4-45B8-805A-266F5B26F316}.Debug|x86.Build.0 = Debug|Any CPU
		{95F583C6-1DC4-45B8-805A-266F5B26F316}.Release|Any CPU.ActiveCfg = Release|Any CPU
		{95F583C6-1DC4-45B8-805A-266F5B26F316}.Release|Any CPU.Build.0 = Release|Any CPU
		{95F583C6-1DC4-45B8-805A-266F5B26F316}.Release|x64.ActiveCfg = Release|Any CPU
		{95F583C6-1DC4-45B8-805A-266F5B26F316}.Release|x64.Build.0 = Release|Any CPU
		{95F583C6-1DC4-45B8-805A-266F5B26F316}.Release|x86.ActiveCfg = Release|Any CPU
		{95F583C6-1DC4-45B8-805A-266F5B26F316}.Release|x86.Build.0 = Release|Any CPU
		{3F819035-C645-4BE2-AA9F-22C1BD58E199}.Debug|Any CPU.ActiveCfg = Debug|Any CPU
		{3F819035-C645-4BE2-AA9F-22C1BD58E199}.Debug|Any CPU.Build.0 = Debug|Any CPU
		{3F819035-C645-4BE2-AA9F-22C1BD58E199}.Debug|x64.ActiveCfg = Debug|Any CPU
		{3F819035-C645-4BE2-AA9F-22C1BD58E199}.Debug|x64.Build.0 = Debug|Any CPU
		{3F819035-C645-4BE2-AA9F-22C1BD58E199}.Debug|x86.ActiveCfg = Debug|Any CPU
		{3F819035-C645-4BE2-AA9F-22C1BD58E199}.Debug|x86.Build.0 = Debug|Any CPU
		{3F819035-C645-4BE2-AA9F-22C1BD58E199}.Release|Any CPU.ActiveCfg = Release|Any CPU
		{3F819035-C645-4BE2-AA9F-22C1BD58E199}.Release|Any CPU.Build.0 = Release|Any CPU
		{3F819035-C645-4BE2-AA9F-22C1BD58E199}.Release|x64.ActiveCfg = Release|Any CPU
		{3F819035-C645-4BE2-AA9F-22C1BD58E199}.Release|x64.Build.0 = Release|Any CPU
		{3F819035-C645-4BE2-AA9F-22C1BD58E199}.Release|x86.ActiveCfg = Release|Any CPU
		{3F819035-C645-4BE2-AA9F-22C1BD58E199}.Release|x86.Build.0 = Release|Any CPU
		{5A2E807D-4B29-45FD-B463-2335EDDAB94D}.Debug|Any CPU.ActiveCfg = Debug|Any CPU
		{5A2E807D-4B29-45FD-B463-2335EDDAB94D}.Debug|Any CPU.Build.0 = Debug|Any CPU
		{5A2E807D-4B29-45FD-B463-2335EDDAB94D}.Debug|x64.ActiveCfg = Debug|Any CPU
		{5A2E807D-4B29-45FD-B463-2335EDDAB94D}.Debug|x64.Build.0 = Debug|Any CPU
		{5A2E807D-4B29-45FD-B463-2335EDDAB94D}.Debug|x86.ActiveCfg = Debug|Any CPU
		{5A2E807D-4B29-45FD-B463-2335EDDAB94D}.Debug|x86.Build.0 = Debug|Any CPU
		{5A2E807D-4B29-45FD-B463-2335EDDAB94D}.Release|Any CPU.ActiveCfg = Release|Any CPU
		{5A2E807D-4B29-45FD-B463-2335EDDAB94D}.Release|Any CPU.Build.0 = Release|Any CPU
		{5A2E807D-4B29-45FD-B463-2335EDDAB94D}.Release|x64.ActiveCfg = Release|Any CPU
		{5A2E807D-4B29-45FD-B463-2335EDDAB94D}.Release|x64.Build.0 = Release|Any CPU
		{5A2E807D-4B29-45FD-B463-2335EDDAB94D}.Release|x86.ActiveCfg = Release|Any CPU
		{5A2E807D-4B29-45FD-B463-2335EDDAB94D}.Release|x86.Build.0 = Release|Any CPU
	EndGlobalSection
	GlobalSection(SolutionProperties) = preSolution
		HideSolutionNode = FALSE
	EndGlobalSection
	GlobalSection(NestedProjects) = preSolution
		{C57F3AA5-5499-455D-98F9-6F5841CA2246} = {827E0CD3-B72D-47B6-A68D-7590B98EB39B}
		{73B05458-63B3-4CC1-AA7C-945491B6E131} = {827E0CD3-B72D-47B6-A68D-7590B98EB39B}
		{DFE1EC6D-87A3-4303-A664-556F303FA2BD} = {827E0CD3-B72D-47B6-A68D-7590B98EB39B}
		{7E52A2CB-AB93-4DE9-ABC8-0F08EBD72590} = {827E0CD3-B72D-47B6-A68D-7590B98EB39B}
		{95F583C6-1DC4-45B8-805A-266F5B26F316} = {827E0CD3-B72D-47B6-A68D-7590B98EB39B}
		{3F819035-C645-4BE2-AA9F-22C1BD58E199} = {827E0CD3-B72D-47B6-A68D-7590B98EB39B}
		{5A2E807D-4B29-45FD-B463-2335EDDAB94D} = {827E0CD3-B72D-47B6-A68D-7590B98EB39B}
	EndGlobalSection
EndGlobal
